
Microsoft Visual Studio Solution File, Format Version 12.00
# Visual Studio Version 16
VisualStudioVersion = 16.0.30104.148
MinimumVisualStudioVersion = 10.0.40219.1
Project("{FAE04EC0-301F-11D3-BF4B-00C04F79EFBC}") = "GPReptile", "GPReptile.csproj", "{81F117C6-36ED-4985-BD35-306AA6998927}"
EndProject
Global
	GlobalSection(SolutionConfigurationPlatforms) = preSolution
		Debug|Any CPU = Debug|Any CPU
		Release|Any CPU = Release|Any CPU
	EndGlobalSection
	GlobalSection(ProjectConfigurationPlatforms) = postSolution
		{81F117C6-36ED-4985-BD35-306AA6998927}.Debug|Any CPU.ActiveCfg = Debug|Any CPU
		{81F117C6-36ED-4985-BD35-306AA6998927}.Debug|Any CPU.Build.0 = Debug|Any CPU
		{81F117C6-36ED-4985-BD35-306AA6998927}.Release|Any CPU.ActiveCfg = Release|Any CPU
		{81F117C6-36ED-4985-BD35-306AA6998927}.Release|Any CPU.Build.0 = Release|Any CPU
	EndGlobalSection
	GlobalSection(SolutionProperties) = preSolution
		HideSolutionNode = FALSE
	EndGlobalSection
	GlobalSection(ExtensibilityGlobals) = postSolution
		SolutionGuid = {A0D361D1-E040-4C99-A883-DD025A9F30F7}
	EndGlobalSection
EndGlobal
